// !$*UTF8*$!
{
	archiveVersion = 1;
	classes = {
	};
	objectVersion = 54;
	objects = {

/* Begin PBXBuildFile section */
		B10000000000000000000001 /* AppDelegate.swift in Sources */ = {isa = PBXBuildFile; fileRef = A10000000000000000000001 /* AppDelegate.swift */; };
		B10000000000000000000002 /* ClipItem.swift in Sources */ = {isa = PBXBuildFile; fileRef = A10000000000000000000002 /* ClipItem.swift */; };
		B10000000000000000000003 /* ClipboardMonitor.swift in Sources */ = {isa = PBXBuildFile; fileRef = A10000000000000000000003 /* ClipboardMonitor.swift */; };
		B10000000000000000000004 /* HistoryStore.swift in Sources */ = {isa = PBXBuildFile; fileRef = A10000000000000000000004 /* HistoryStore.swift */; };
		B10000000000000000000005 /* HistoryView.swift in Sources */ = {isa = PBXBuildFile; fileRef = A10000000000000000000005 /* HistoryView.swift */; };
		B10000000000000000000006 /* HotKey.swift in Sources */ = {isa = PBXBuildFile; fileRef = A10000000000000000000006 /* HotKey.swift */; };
		B10000000000000000000007 /* PanelController.swift in Sources */ = {isa = PBXBuildFile; fileRef = A10000000000000000000007 /* PanelController.swift */; };
		B10000000000000000000008 /* Paster.swift in Sources */ = {isa = PBXBuildFile; fileRef = A10000000000000000000008 /* Paster.swift */; };
		B10000000000000000000009 /* main.swift in Sources */ = {isa = PBXBuildFile; fileRef = A10000000000000000000009 /* main.swift */; };
		B10000000000000000000011 /* ScreenshotWatcher.swift in Sources */ = {isa = PBXBuildFile; fileRef = A10000000000000000000010 /* ScreenshotWatcher.swift */; };
		B10000000000000000000012 /* ColorScheme.swift in Sources */ = {isa = PBXBuildFile; fileRef = A10000000000000000000011 /* ColorScheme.swift */; };
		B10000000000000000000010 /* AppIcon.icns in Resources */ = {isa = PBXBuildFile; fileRef = A20000000000000000000001 /* AppIcon.icns */; };
/* End PBXBuildFile section */

/* Begin PBXFileReference section */
		A10000000000000000000001 /* AppDelegate.swift */ = {isa = PBXFileReference; lastKnownFileType = sourcecode.swift; path = AppDelegate.swift; sourceTree = "<group>"; };
		A10000000000000000000002 /* ClipItem.swift */ = {isa = PBXFileReference; lastKnownFileType = sourcecode.swift; path = ClipItem.swift; sourceTree = "<group>"; };
		A10000000000000000000003 /* ClipboardMonitor.swift */ = {isa = PBXFileReference; lastKnownFileType = sourcecode.swift; path = ClipboardMonitor.swift; sourceTree = "<group>"; };
		A10000000000000000000004 /* HistoryStore.swift */ = {isa = PBXFileReference; lastKnownFileType = sourcecode.swift; path = HistoryStore.swift; sourceTree = "<group>"; };
		A10000000000000000000005 /* HistoryView.swift */ = {isa = PBXFileReference; lastKnownFileType = sourcecode.swift; path = HistoryView.swift; sourceTree = "<group>"; };
		A10000000000000000000006 /* HotKey.swift */ = {isa = PBXFileReference; lastKnownFileType = sourcecode.swift; path = HotKey.swift; sourceTree = "<group>"; };
		A10000000000000000000007 /* PanelController.swift */ = {isa = PBXFileReference; lastKnownFileType = sourcecode.swift; path = PanelController.swift; sourceTree = "<group>"; };
		A10000000000000000000008 /* Paster.swift */ = {isa = PBXFileReference; lastKnownFileType = sourcecode.swift; path = Paster.swift; sourceTree = "<group>"; };
		A10000000000000000000009 /* main.swift */ = {isa = PBXFileReference; lastKnownFileType = sourcecode.swift; path = main.swift; sourceTree = "<group>"; };
		A10000000000000000000010 /* ScreenshotWatcher.swift */ = {isa = PBXFileReference; lastKnownFileType = sourcecode.swift; path = ScreenshotWatcher.swift; sourceTree = "<group>"; };
		A10000000000000000000011 /* ColorScheme.swift */ = {isa = PBXFileReference; lastKnownFileType = sourcecode.swift; path = ColorScheme.swift; sourceTree = "<group>"; };
		A20000000000000000000001 /* AppIcon.icns */ = {isa = PBXFileReference; lastKnownFileType = image.icns; path = AppIcon.icns; sourceTree = "<group>"; };
		A20000000000000000000002 /* Info.plist */ = {isa = PBXFileReference; lastKnownFileType = text.plist.xml; path = Info.plist; sourceTree = "<group>"; };
		A20000000000000000000003 /* Pastry.entitlements */ = {isa = PBXFileReference; lastKnownFileType = text.plist.entitlements; path = Pastry.entitlements; sourceTree = "<group>"; };
		A20000000000000000000004 /* Pastry.app */ = {isa = PBXFileReference; explicitFileType = wrapper.application; includeInIndex = 0; path = Pastry.app; sourceTree = BUILT_PRODUCTS_DIR; };
/* End PBXFileReference section */

/* Begin PBXFrameworksBuildPhase section */
		F10000000000000000000002 /* Frameworks */ = {
			isa = PBXFrameworksBuildPhase;
			buildActionMask = 2147483647;
			files = (
			);
			runOnlyForDeploymentPostprocessing = 0;
		};
/* End PBXFrameworksBuildPhase section */

/* Begin PBXGroup section */
		C10000000000000000000001 = {
			isa = PBXGroup;
			children = (
				C10000000000000000000002 /* Pastry */,
				C10000000000000000000003 /* Resources */,
				A20000000000000000000002 /* Info.plist */,
				A20000000000000000000003 /* Pastry.entitlements */,
				C10000000000000000000004 /* Products */,
			);
			sourceTree = "<group>";
		};
		C10000000000000000000002 /* Pastry */ = {
			isa = PBXGroup;
			children = (
				A10000000000000000000001 /* AppDelegate.swift */,
				A10000000000000000000011 /* ColorScheme.swift */,
				A10000000000000000000002 /* ClipItem.swift */,
				A10000000000000000000003 /* ClipboardMonitor.swift */,
				A10000000000000000000004 /* HistoryStore.swift */,
				A10000000000000000000005 /* HistoryView.swift */,
				A10000000000000000000006 /* HotKey.swift */,
				A10000000000000000000007 /* PanelController.swift */,
				A10000000000000000000008 /* Paster.swift */,
				A10000000000000000000010 /* ScreenshotWatcher.swift */,
				A10000000000000000000009 /* main.swift */,
			);
			name = Pastry;
			path = Sources/Pastry;
			sourceTree = "<group>";
		};
		C10000000000000000000003 /* Resources */ = {
			isa = PBXGroup;
			children = (
				A20000000000000000000001 /* AppIcon.icns */,
			);
			path = Resources;
			sourceTree = "<group>";
		};
		C10000000000000000000004 /* Products */ = {
			isa = PBXGroup;
			children = (
				A20000000000000000000004 /* Pastry.app */,
			);
			name = Products;
			sourceTree = "<group>";
		};
/* End PBXGroup section */

/* Begin PBXNativeTarget section */
		D10000000000000000000001 /* Pastry */ = {
			isa = PBXNativeTarget;
			buildConfigurationList = E20000000000000000000002 /* Build configuration list for PBXNativeTarget "Pastry" */;
			buildPhases = (
				F10000000000000000000001 /* Sources */,
				F10000000000000000000002 /* Frameworks */,
				F10000000000000000000003 /* Resources */,
			);
			buildRules = (
			);
			dependencies = (
			);
			name = Pastry;
			productName = Pastry;
			productReference = A20000000000000000000004 /* Pastry.app */;
			productType = "com.apple.product-type.application";
		};
/* End PBXNativeTarget section */

/* Begin PBXProject section */
		D10000000000000000000002 /* Project object */ = {
			isa = PBXProject;
			attributes = {
				BuildIndependentTargetsInParallel = 1;
				LastSwiftUpdateCheck = 1520;
				LastUpgradeCheck = 1520;
				TargetAttributes = {
					D10000000000000000000001 = {
						CreatedOnToolsVersion = 15.2;
					};
				};
			};
			buildConfigurationList = E20000000000000000000001 /* Build configuration list for PBXProject "Pastry" */;
			compatibilityVersion = "Xcode 14.0";
			developmentRegion = en;
			hasScannedForEncodings = 0;
			knownRegions = (
				en,
				Base,
			);
			mainGroup = C10000000000000000000001;
			productRefGroup = C10000000000000000000004 /* Products */;
			projectDirPath = "";
			projectRoot = "";
			targets = (
				D10000000000000000000001 /* Pastry */,
			);
		};
/* End PBXProject section */

/* Begin PBXResourcesBuildPhase section */
		F10000000000000000000003 /* Resources */ = {
			isa = PBXResourcesBuildPhase;
			buildActionMask = 2147483647;
			files = (
				B10000000000000000000010 /* AppIcon.icns in Resources */,
			);
			runOnlyForDeploymentPostprocessing = 0;
		};
/* End PBXResourcesBuildPhase section */

/* Begin PBXSourcesBuildPhase section */
		F10000000000000000000001 /* Sources */ = {
			isa = PBXSourcesBuildPhase;
			buildActionMask = 2147483647;
			files = (
				B10000000000000000000001 /* AppDelegate.swift in Sources */,
				B10000000000000000000002 /* ClipItem.swift in Sources */,
				B10000000000000000000003 /* ClipboardMonitor.swift in Sources */,
				B10000000000000000000004 /* HistoryStore.swift in Sources */,
				B10000000000000000000005 /* HistoryView.swift in Sources */,
				B10000000000000000000006 /* HotKey.swift in Sources */,
				B10000000000000000000007 /* PanelController.swift in Sources */,
				B10000000000000000000008 /* Paster.swift in Sources */,
				B10000000000000000000011 /* ScreenshotWatcher.swift in Sources */,
				B10000000000000000000012 /* ColorScheme.swift in Sources */,
				B10000000000000000000009 /* main.swift in Sources */,
			);
			runOnlyForDeploymentPostprocessing = 0;
		};
/* End PBXSourcesBuildPhase section */

/* Begin XCBuildConfiguration section */
		E10000000000000000000001 /* Debug */ = {
			isa = XCBuildConfiguration;
			buildSettings = {
				ALWAYS_SEARCH_USER_PATHS = NO;
				CLANG_ANALYZER_NONNULL = YES;
				CLANG_ENABLE_MODULES = YES;
				CLANG_ENABLE_OBJC_ARC = YES;
				COPY_PHASE_STRIP = NO;
				DEBUG_INFORMATION_FORMAT = dwarf;
				ENABLE_STRICT_OBJC_MSGSEND = YES;
				ENABLE_TESTABILITY = YES;
				GCC_C_LANGUAGE_STANDARD = gnu17;
				GCC_DYNAMIC_NO_PIC = NO;
				GCC_NO_COMMON_BLOCKS = YES;
				GCC_OPTIMIZATION_LEVEL = 0;
				GCC_PREPROCESSOR_DEFINITIONS = (
					"DEBUG=1",
					"$(inherited)",
				);
				MACOSX_DEPLOYMENT_TARGET = 13.0;
				MTL_ENABLE_DEBUG_INFO = INCLUDE_SOURCE;
				ONLY_ACTIVE_ARCH = YES;
				SDKROOT = macosx;
				SWIFT_ACTIVE_COMPILATION_CONDITIONS = "DEBUG $(inherited)";
				SWIFT_OPTIMIZATION_LEVEL = "-Onone";
				SWIFT_VERSION = 5.0;
			};
			name = Debug;
		};
		E10000000000000000000002 /* Release */ = {
			isa = XCBuildConfiguration;
			buildSettings = {
				ALWAYS_SEARCH_USER_PATHS = NO;
				CLANG_ANALYZER_NONNULL = YES;
				CLANG_ENABLE_MODULES = YES;
				CLANG_ENABLE_OBJC_ARC = YES;
				COPY_PHASE_STRIP = NO;
				DEBUG_INFORMATION_FORMAT = "dwarf-with-dsym";
				ENABLE_NS_ASSERTIONS = NO;
				ENABLE_STRICT_OBJC_MSGSEND = YES;
				GCC_C_LANGUAGE_STANDARD = gnu17;
				GCC_NO_COMMON_BLOCKS = YES;
				MACOSX_DEPLOYMENT_TARGET = 13.0;
				MTL_ENABLE_DEBUG_INFO = NO;
				SDKROOT = macosx;
				SWIFT_COMPILATION_MODE = wholemodule;
				SWIFT_OPTIMIZATION_LEVEL = "-O";
				SWIFT_VERSION = 5.0;
			};
			name = Release;
		};
		E10000000000000000000003 /* Debug */ = {
			isa = XCBuildConfiguration;
			buildSettings = {
				CODE_SIGN_ENTITLEMENTS = Pastry.entitlements;
				CODE_SIGN_STYLE = Automatic;
				COMBINE_HIDPI_IMAGES = YES;
				CURRENT_PROJECT_VERSION = 1;
				DEVELOPMENT_TEAM = L6LUXM357X;
				ENABLE_HARDENED_RUNTIME = YES;
				INFOPLIST_FILE = Info.plist;
				LD_RUNPATH_SEARCH_PATHS = (
					"$(inherited)",
					"@executable_path/../Frameworks",
				);
				MARKETING_VERSION = 1.0;
				PRODUCT_BUNDLE_IDENTIFIER = com.asray.pastry;
				PRODUCT_NAME = "$(TARGET_NAME)";
				SWIFT_EMIT_LOC_STRINGS = YES;
			};
			name = Debug;
		};
		E10000000000000000000004 /* Release */ = {
			isa = XCBuildConfiguration;
			buildSettings = {
				CODE_SIGN_ENTITLEMENTS = Pastry.entitlements;
				CODE_SIGN_STYLE = Automatic;
				COMBINE_HIDPI_IMAGES = YES;
				CURRENT_PROJECT_VERSION = 1;
				DEVELOPMENT_TEAM = L6LUXM357X;
				ENABLE_HARDENED_RUNTIME = YES;
				INFOPLIST_FILE = Info.plist;
				LD_RUNPATH_SEARCH_PATHS = (
					"$(inherited)",
					"@executable_path/../Frameworks",
				);
				MARKETING_VERSION = 1.0;
				PRODUCT_BUNDLE_IDENTIFIER = com.asray.pastry;
				PRODUCT_NAME = "$(TARGET_NAME)";
				SWIFT_EMIT_LOC_STRINGS = YES;
			};
			name = Release;
		};
/* End XCBuildConfiguration section */

/* Begin XCConfigurationList section */
		E20000000000000000000001 /* Build configuration list for PBXProject "Pastry" */ = {
			isa = XCConfigurationList;
			buildConfigurations = (
				E10000000000000000000001 /* Debug */,
				E10000000000000000000002 /* Release */,
			);
			defaultConfigurationIsVisible = 0;
			defaultConfigurationName = Release;
		};
		E20000000000000000000002 /* Build configuration list for PBXNativeTarget "Pastry" */ = {
			isa = XCConfigurationList;
			buildConfigurations = (
				E10000000000000000000003 /* Debug */,
				E10000000000000000000004 /* Release */,
			);
			defaultConfigurationIsVisible = 0;
			defaultConfigurationName = Release;
		};
/* End XCConfigurationList section */
	};
	rootObject = D10000000000000000000002 /* Project object */;
}
